
Microsoft Visual Studio Solution File, Format Version 12.00
# Visual Studio Version 17
VisualStudioVersion = 17.7.34024.191
MinimumVisualStudioVersion = 10.0.40219.1
Project("{FAE04EC0-301F-11D3-BF4B-00C04F79EFBC}") = "MokaDevFiles", "MokaDevFiles.csproj", "{D626C209-555B-4E11-AB31-7967F7DD6A6A}"
EndProject
Global
	GlobalSection(SolutionConfigurationPlatforms) = preSolution
		Debug|Any CPU = Debug|Any CPU
		Release|Any CPU = Release|Any CPU
	EndGlobalSection
	GlobalSection(ProjectConfigurationPlatforms) = postSolution
		{D626C209-555B-4E11-AB31-7967F7DD6A6A}.Debug|Any CPU.ActiveCfg = Debug|Any CPU
		{D626C209-555B-4E11-AB31-7967F7DD6A6A}.Debug|Any CPU.Build.0 = Debug|Any CPU
		{D626C209-555B-4E11-AB31-7967F7DD6A6A}.Release|Any CPU.ActiveCfg = Release|Any CPU
		{D626C209-555B-4E11-AB31-7967F7DD6A6A}.Release|Any CPU.Build.0 = Release|Any CPU
	EndGlobalSection
	GlobalSection(SolutionProperties) = preSolution
		HideSolutionNode = FALSE
	EndGlobalSection
	GlobalSection(ExtensibilityGlobals) = postSolution
		SolutionGuid = {161B13F0-C71B-41A5-8D9C-58D60C71A155}
	EndGlobalSection
EndGlobal
